PODS:
  - Alamofire (5.9.1)
  - ByteowlsCapacitorOauth2 (5.0.0):
    - Capacitor
    - OAuthSwift (= 2.2.0)
  - Capacitor (6.1.2):
    - CapacitorCordova
  - CapacitorApp (6.0.1):
    - Capacitor
  - CapacitorBrowser (6.0.2):
    - Capacitor
  - CapacitorClipboard (6.0.1):
    - Capacitor
  - CapacitorCordova (6.1.2)
  - CapacitorDevice (6.0.1):
    - Capacitor
  - CapacitorHaptics (6.0.1):
    - Capacitor
  - CapacitorKeyboard (6.0.2):
    - Capacitor
  - CapacitorLocalNotifications (6.1.0):
    - Capacitor
  - CapacitorNavigationbarnx (0.0.2):
    - Capacitor
  - CapacitorPreferences (6.0.2):
    - Capacitor
  - CapacitorPushNotifications (6.0.2):
    - Capacitor
  - CapacitorSplashScreen (6.0.2):
    - Capacitor
  - CapacitorStatusBar (6.0.1):
    - Capacitor
  - CapacitorToast (6.0.2):
    - Capacitor
  - CapawesomeCapacitorAppUpdate (6.0.0):
    - Capacitor
  - CapgoCapacitorUpdater (6.1.32):
    - Alamofire
    - Capacitor
    - SSZipArchive
    - SwiftyRSA
    - Version
  - CordovaPlugins (6.1.2):
    - CapacitorCordova
  - Firebase/CoreOnly (9.2.0):
    - FirebaseCore (= 9.2.0)
  - Firebase/Messaging (9.2.0):
    - Firebase/CoreOnly
    - FirebaseMessaging (~> 9.2.0)
  - FirebaseCore (9.2.0):
    - FirebaseCoreDiagnostics (~> 9.0)
    - FirebaseCoreInternal (~> 9.0)
    - GoogleUtilities/Environment (~> 7.7)
    - GoogleUtilities/Logger (~> 7.7)
  - FirebaseCoreDiagnostics (9.2.0):
    - GoogleDataTransport (< 10.0.0, >= 9.1.4)
    - GoogleUtilities/Environment (~> 7.7)
    - GoogleUtilities/Logger (~> 7.7)
    - nanopb (< 2.30910.0, >= 2.30908.0)
  - FirebaseCoreInternal (9.2.0):
    - "GoogleUtilities/NSData+zlib (~> 7.7)"
  - FirebaseInstallations (9.2.0):
    - FirebaseCore (~> 9.0)
    - GoogleUtilities/Environment (~> 7.7)
    - GoogleUtilities/UserDefaults (~> 7.7)
    - PromisesObjC (~> 2.1)
  - FirebaseMessaging (9.2.0):
    - FirebaseCore (~> 9.0)
    - FirebaseInstallations (~> 9.0)
    - GoogleDataTransport (< 10.0.0, >= 9.1.4)
    - GoogleUtilities/AppDelegateSwizzler (~> 7.7)
    - GoogleUtilities/Environment (~> 7.7)
    - GoogleUtilities/Reachability (~> 7.7)
    - GoogleUtilities/UserDefaults (~> 7.7)
    - nanopb (< 2.30910.0, >= 2.30908.0)
  - GoogleDataTransport (9.1.4):
    - GoogleUtilities/Environment (~> 7.7)
    - nanopb (< 2.30910.0, >= 2.30908.0)
    - PromisesObjC (< 3.0, >= 1.2)
  - GoogleUtilities/AppDelegateSwizzler (7.7.0):
    - GoogleUtilities/Environment
    - GoogleUtilities/Logger
    - GoogleUtilities/Network
  - GoogleUtilities/Environment (7.7.0):
    - PromisesObjC (< 3.0, >= 1.2)
  - GoogleUtilities/Logger (7.7.0):
    - GoogleUtilities/Environment
  - GoogleUtilities/Network (7.7.0):
    - GoogleUtilities/Logger
    - "GoogleUtilities/NSData+zlib"
    - GoogleUtilities/Reachability
  - "GoogleUtilities/NSData+zlib (7.7.0)"
  - GoogleUtilities/Reachability (7.7.0):
    - GoogleUtilities/Logger
  - GoogleUtilities/UserDefaults (7.7.0):
    - GoogleUtilities/Logger
  - nanopb (2.30909.0):
    - nanopb/decode (= 2.30909.0)
    - nanopb/encode (= 2.30909.0)
  - nanopb/decode (2.30909.0)
  - nanopb/encode (2.30909.0)
  - OAuthSwift (2.2.0)
  - PromisesObjC (2.1.1)
  - SSZipArchive (2.4.3)
  - StorageMirror (0.0.1):
    - Capacitor
  - SwiftyRSA (1.7.0):
    - SwiftyRSA/ObjC (= 1.7.0)
  - SwiftyRSA/ObjC (1.7.0)
  - Version (0.8.0)

DEPENDENCIES:
  - "ByteowlsCapacitorOauth2 (from `../../node_modules/@byteowls/capacitor-oauth2`)"
  - "Capacitor (from `../../node_modules/@capacitor/ios`)"
  - "CapacitorApp (from `../../node_modules/@capacitor/app`)"
  - "CapacitorBrowser (from `../../node_modules/@capacitor/browser`)"
  - "CapacitorClipboard (from `../../node_modules/@capacitor/clipboard`)"
  - "CapacitorCordova (from `../../node_modules/@capacitor/ios`)"
  - "CapacitorDevice (from `../../node_modules/@capacitor/device`)"
  - "CapacitorHaptics (from `../../node_modules/@capacitor/haptics`)"
  - "CapacitorKeyboard (from `../../node_modules/@capacitor/keyboard`)"
  - "CapacitorLocalNotifications (from `../../node_modules/@capacitor/local-notifications`)"
  - CapacitorNavigationbarnx (from `../../node_modules/capacitor-navigationbarnx`)
  - "CapacitorPreferences (from `../../node_modules/@capacitor/preferences`)"
  - "CapacitorPushNotifications (from `../../node_modules/@capacitor/push-notifications`)"
  - "CapacitorSplashScreen (from `../../node_modules/@capacitor/splash-screen`)"
  - "CapacitorStatusBar (from `../../node_modules/@capacitor/status-bar`)"
  - "CapacitorToast (from `../../node_modules/@capacitor/toast`)"
  - "CapawesomeCapacitorAppUpdate (from `../../node_modules/@capawesome/capacitor-app-update`)"
  - "CapgoCapacitorUpdater (from `../../node_modules/@capgo/capacitor-updater`)"
  - CordovaPlugins (from `../capacitor-cordova-ios-plugins`)
  - Firebase/Messaging
  - FirebaseCore
  - StorageMirror (from `../../storage-mirror`)

SPEC REPOS:
  trunk:
    - Alamofire
    - Firebase
    - FirebaseCore
    - FirebaseCoreDiagnostics
    - FirebaseCoreInternal
    - FirebaseInstallations
    - FirebaseMessaging
    - GoogleDataTransport
    - GoogleUtilities
    - nanopb
    - OAuthSwift
    - PromisesObjC
    - SSZipArchive
    - SwiftyRSA
    - Version

EXTERNAL SOURCES:
  ByteowlsCapacitorOauth2:
    :path: "../../node_modules/@byteowls/capacitor-oauth2"
  Capacitor:
    :path: "../../node_modules/@capacitor/ios"
  CapacitorApp:
    :path: "../../node_modules/@capacitor/app"
  CapacitorBrowser:
    :path: "../../node_modules/@capacitor/browser"
  CapacitorClipboard:
    :path: "../../node_modules/@capacitor/clipboard"
  CapacitorCordova:
    :path: "../../node_modules/@capacitor/ios"
  CapacitorDevice:
    :path: "../../node_modules/@capacitor/device"
  CapacitorHaptics:
    :path: "../../node_modules/@capacitor/haptics"
  CapacitorKeyboard:
    :path: "../../node_modules/@capacitor/keyboard"
  CapacitorLocalNotifications:
    :path: "../../node_modules/@capacitor/local-notifications"
  CapacitorNavigationbarnx:
    :path: "../../node_modules/capacitor-navigationbarnx"
  CapacitorPreferences:
    :path: "../../node_modules/@capacitor/preferences"
  CapacitorPushNotifications:
    :path: "../../node_modules/@capacitor/push-notifications"
  CapacitorSplashScreen:
    :path: "../../node_modules/@capacitor/splash-screen"
  CapacitorStatusBar:
    :path: "../../node_modules/@capacitor/status-bar"
  CapacitorToast:
    :path: "../../node_modules/@capacitor/toast"
  CapawesomeCapacitorAppUpdate:
    :path: "../../node_modules/@capawesome/capacitor-app-update"
  CapgoCapacitorUpdater:
    :path: "../../node_modules/@capgo/capacitor-updater"
  CordovaPlugins:
    :path: "../capacitor-cordova-ios-plugins"
  StorageMirror:
    :path: "../../storage-mirror"

SPEC CHECKSUMS:
  Alamofire: f36a35757af4587d8e4f4bfa223ad10be2422b8c
  ByteowlsCapacitorOauth2: dde6b8fdf2995bc7872434c407ee2492ce562638
  Capacitor: 679f9673fdf30597493a6362a5d5bf233d46abc2
  CapacitorApp: 0bc633b4eae40a1f32cd2834788fad3bc42da6a1
  CapacitorBrowser: 83ec661a9ccd56c28a6851e4dd1ac33b181227ec
  CapacitorClipboard: 756cd7e83e8d5d19b0c74f40b57517c287bd5fe2
  CapacitorCordova: f48c89f96c319101cd2f0ce8a2b7449b5fb8b3dd
  CapacitorDevice: 7097a1deb4224b77fd13a6e60a355d0062a5d772
  CapacitorHaptics: fe689ade56ef20ec9b041a753c6da70c5d8ec9a9
  CapacitorKeyboard: 2700f9b18687be021e28b5a09b59eb151a46d5e0
  CapacitorLocalNotifications: 6bac9e948b2b8852506c6d74abb2cde140250f86
  CapacitorNavigationbarnx: a22badd7d90d9715ecc08f3ae3824a57a37724b0
  CapacitorPreferences: e8284bf740cf8c6d3f25409af3c01df87dfeb5a1
  CapacitorPushNotifications: ccd797926c030acad3d5498ef452c735c90a2c89
  CapacitorSplashScreen: 250df9ef8014fac5c7c1fd231f0f8b1d8f0b5624
  CapacitorStatusBar: b81d4fb5d4e0064c712018071b3ab4b810b39a63
  CapacitorToast: cfd82cd5afdc3f027ad4a8859f909ae4a327f3c3
  CapawesomeCapacitorAppUpdate: 3c05b5c8e42f9c6a88d666093406e9336d9bfdb1
  CapgoCapacitorUpdater: f286378946eae7e06e54bd135815f3c5d939dfcc
  CordovaPlugins: 584b5df0e1bde7be088e132f0efb476ab8f8bcfa
  Firebase: 4ba896cb8e5105d4b9e247e1c1b6222b548df55a
  FirebaseCore: 0e27f2a15d8f7b7ef11e7d93e23b1cbab55d748c
  FirebaseCoreDiagnostics: ad3f6c68b7c5b63b7cf15b0785d7137f05f32268
  FirebaseCoreInternal: cb966328b6985dbd6f535e1461291063e1c4a00f
  FirebaseInstallations: 21186f0ca7849f90f4a3219fa31a5eca2e30f113
  FirebaseMessaging: 4eaf1b8a7464b2c5e619ad66e9b20ee3e3206b24
  GoogleDataTransport: 5fffe35792f8b96ec8d6775f5eccd83c998d5a3b
  GoogleUtilities: e0913149f6b0625b553d70dae12b49fc62914fd1
  nanopb: b552cce312b6c8484180ef47159bc0f65a1f0431
  OAuthSwift: 75efbb5bd9a4b2b71a37bd7e986bf3f55ddd54c6
  PromisesObjC: ab77feca74fa2823e7af4249b8326368e61014cb
  SSZipArchive: fe6a26b2a54d5a0890f2567b5cc6de5caa600aef
  StorageMirror: 29856c6eceb244679e713a6517dbfaa0ba12bffe
  SwiftyRSA: 8c6dd1ea7db1b8dc4fb517a202f88bb1354bc2c6
  Version: de5907f2c5d0f3cf21708db7801d1d5401139486

PODFILE CHECKSUM: a7181fdf0c40eae25759aa2b27c893186f8a69dd

COCOAPODS: 1.15.2
